
Microsoft Visual Studio Solution File, Format Version 12.00
# Visual Studio Version 17
VisualStudioVersion = 17.1.32414.318
MinimumVisualStudioVersion = 10.0.40219.1
Project("{FAE04EC0-301F-11D3-BF4B-00C04F79EFBC}") = "practice_task", "practice_task\practice_task.csproj", "{EF0941F0-8859-4990-84BD-94D279B8711C}"
EndProject
Global
	GlobalSection(SolutionConfigurationPlatforms) = preSolution
		Debug|Any CPU = Debug|Any CPU
		Release|Any CPU = Release|Any CPU
	EndGlobalSection
	GlobalSection(ProjectConfigurationPlatforms) = postSolution
		{EF0941F0-8859-4990-84BD-94D279B8711C}.Debug|Any CPU.ActiveCfg = Debug|Any CPU
		{EF0941F0-8859-4990-84BD-94D279B8711C}.Debug|Any CPU.Build.0 = Debug|Any CPU
		{EF0941F0-8859-4990-84BD-94D279B8711C}.Release|Any CPU.ActiveCfg = Release|Any CPU
		{EF0941F0-8859-4990-84BD-94D279B8711C}.Release|Any CPU.Build.0 = Release|Any CPU
	EndGlobalSection
	GlobalSection(SolutionProperties) = preSolution
		HideSolutionNode = FALSE
	EndGlobalSection
	GlobalSection(ExtensibilityGlobals) = postSolution
		SolutionGuid = {16A20700-B07F-4B54-8FB1-398FA30F3AEF}
	EndGlobalSection
EndGlobal
